// !$*UTF8*$!
{
	archiveVersion = 1;
	classes = {
	};
	objectVersion = 55;
	objects = {

/* Begin PBXBuildFile section */
		3DB64F3D27BBE63A008FA74E /* PageCell.swift in Sources */ = {isa = PBXBuildFile; fileRef = 3DB64F3C27BBE63A008FA74E /* PageCell.swift */; };
		3DCA658727BB8D81000F27ED /* AppDelegate.swift in Sources */ = {isa = PBXBuildFile; fileRef = 3DCA658627BB8D81000F27ED /* AppDelegate.swift */; };
		3DCA658927BB8D81000F27ED /* SceneDelegate.swift in Sources */ = {isa = PBXBuildFile; fileRef = 3DCA658827BB8D81000F27ED /* SceneDelegate.swift */; };
		3DCA658B27BB8D81000F27ED /* ViewController.swift in Sources */ = {isa = PBXBuildFile; fileRef = 3DCA658A27BB8D81000F27ED /* ViewController.swift */; };
		3DCA659027BB8D83000F27ED /* Assets.xcassets in Resources */ = {isa = PBXBuildFile; fileRef = 3DCA658F27BB8D83000F27ED /* Assets.xcassets */; };
		3DCA659327BB8D83000F27ED /* LaunchScreen.storyboard in Resources */ = {isa = PBXBuildFile; fileRef = 3DCA659127BB8D83000F27ED /* LaunchScreen.storyboard */; };
		3DCA659B27BB9331000F27ED /* Models.swift in Sources */ = {isa = PBXBuildFile; fileRef = 3DCA659A27BB9331000F27ED /* Models.swift */; };
		3DCA659D27BB9F77000F27ED /* BookCell.swift in Sources */ = {isa = PBXBuildFile; fileRef = 3DCA659C27BB9F77000F27ED /* BookCell.swift */; };
		3DCA659F27BBC3EE000F27ED /* BookPageViewController.swift in Sources */ = {isa = PBXBuildFile; fileRef = 3DCA659E27BBC3EE000F27ED /* BookPageViewController.swift */; };
/* End PBXBuildFile section */

/* Begin PBXFileReference section */
		3DB64F3C27BBE63A008FA74E /* PageCell.swift */ = {isa = PBXFileReference; lastKnownFileType = sourcecode.swift; path = PageCell.swift; sourceTree = "<group>"; };
		3DCA658327BB8D81000F27ED /* KindleX.app */ = {isa = PBXFileReference; explicitFileType = wrapper.application; includeInIndex = 0; path = KindleX.app; sourceTree = BUILT_PRODUCTS_DIR; };
		3DCA658627BB8D81000F27ED /* AppDelegate.swift */ = {isa = PBXFileReference; lastKnownFileType = sourcecode.swift; path = AppDelegate.swift; sourceTree = "<group>"; };
		3DCA658827BB8D81000F27ED /* SceneDelegate.swift */ = {isa = PBXFileReference; lastKnownFileType = sourcecode.swift; path = SceneDelegate.swift; sourceTree = "<group>"; };
		3DCA658A27BB8D81000F27ED /* ViewController.swift */ = {isa = PBXFileReference; lastKnownFileType = sourcecode.swift; path = ViewController.swift; sourceTree = "<group>"; };
		3DCA658F27BB8D83000F27ED /* Assets.xcassets */ = {isa = PBXFileReference; lastKnownFileType = folder.assetcatalog; path = Assets.xcassets; sourceTree = "<group>"; };
		3DCA659227BB8D83000F27ED /* Base */ = {isa = PBXFileReference; lastKnownFileType = file.storyboard; name = Base; path = Base.lproj/LaunchScreen.storyboard; sourceTree = "<group>"; };
		3DCA659427BB8D83000F27ED /* Info.plist */ = {isa = PBXFileReference; lastKnownFileType = text.plist.xml; path = Info.plist; sourceTree = "<group>"; };
		3DCA659A27BB9331000F27ED /* Models.swift */ = {isa = PBXFileReference; lastKnownFileType = sourcecode.swift; path = Models.swift; sourceTree = "<group>"; };
		3DCA659C27BB9F77000F27ED /* BookCell.swift */ = {isa = PBXFileReference; lastKnownFileType = sourcecode.swift; path = BookCell.swift; sourceTree = "<group>"; };
		3DCA659E27BBC3EE000F27ED /* BookPageViewController.swift */ = {isa = PBXFileReference; lastKnownFileType = sourcecode.swift; path = BookPageViewController.swift; sourceTree = "<group>"; };
/* End PBXFileReference section */

/* Begin PBXFrameworksBuildPhase section */
		3DCA658027BB8D81000F27ED /* Frameworks */ = {
			isa = PBXFrameworksBuildPhase;
			buildActionMask = 2147483647;
			files = (
			);
			runOnlyForDeploymentPostprocessing = 0;
		};
/* End PBXFrameworksBuildPhase section */

/* Begin PBXGroup section */
		3DB64F3927BBE607008FA74E /* Model */ = {
			isa = PBXGroup;
			children = (
				3DCA659A27BB9331000F27ED /* Models.swift */,
			);
			path = Model;
			sourceTree = "<group>";
		};
		3DB64F3A27BBE610008FA74E /* Controller */ = {
			isa = PBXGroup;
			children = (
				3DCA658A27BB8D81000F27ED /* ViewController.swift */,
				3DCA659E27BBC3EE000F27ED /* BookPageViewController.swift */,
			);
			path = Controller;
			sourceTree = "<group>";
		};
		3DB64F3B27BBE61B008FA74E /* View */ = {
			isa = PBXGroup;
			children = (
				3DCA659C27BB9F77000F27ED /* BookCell.swift */,
				3DB64F3C27BBE63A008FA74E /* PageCell.swift */,
			);
			path = View;
			sourceTree = "<group>";
		};
		3DCA657A27BB8D81000F27ED = {
			isa = PBXGroup;
			children = (
				3DCA658527BB8D81000F27ED /* KindleX */,
				3DCA658427BB8D81000F27ED /* Products */,
			);
			sourceTree = "<group>";
		};
		3DCA658427BB8D81000F27ED /* Products */ = {
			isa = PBXGroup;
			children = (
				3DCA658327BB8D81000F27ED /* KindleX.app */,
			);
			name = Products;
			sourceTree = "<group>";
		};
		3DCA658527BB8D81000F27ED /* KindleX */ = {
			isa = PBXGroup;
			children = (
				3DCA658627BB8D81000F27ED /* AppDelegate.swift */,
				3DCA658827BB8D81000F27ED /* SceneDelegate.swift */,
				3DB64F3A27BBE610008FA74E /* Controller */,
				3DB64F3B27BBE61B008FA74E /* View */,
				3DB64F3927BBE607008FA74E /* Model */,
				3DCA658F27BB8D83000F27ED /* Assets.xcassets */,
				3DCA659127BB8D83000F27ED /* LaunchScreen.storyboard */,
				3DCA659427BB8D83000F27ED /* Info.plist */,
			);
			path = KindleX;
			sourceTree = "<group>";
		};
/* End PBXGroup section */

/* Begin PBXNativeTarget section */
		3DCA658227BB8D81000F27ED /* KindleX */ = {
			isa = PBXNativeTarget;
			buildConfigurationList = 3DCA659727BB8D83000F27ED /* Build configuration list for PBXNativeTarget "KindleX" */;
			buildPhases = (
				3DCA657F27BB8D81000F27ED /* Sources */,
				3DCA658027BB8D81000F27ED /* Frameworks */,
				3DCA658127BB8D81000F27ED /* Resources */,
			);
			buildRules = (
			);
			dependencies = (
			);
			name = KindleX;
			productName = KindleX;
			productReference = 3DCA658327BB8D81000F27ED /* KindleX.app */;
			productType = "com.apple.product-type.application";
		};
/* End PBXNativeTarget section */

/* Begin PBXProject section */
		3DCA657B27BB8D81000F27ED /* Project object */ = {
			isa = PBXProject;
			attributes = {
				BuildIndependentTargetsInParallel = 1;
				LastSwiftUpdateCheck = 1320;
				LastUpgradeCheck = 1320;
				TargetAttributes = {
					3DCA658227BB8D81000F27ED = {
						CreatedOnToolsVersion = 13.2.1;
					};
				};
			};
			buildConfigurationList = 3DCA657E27BB8D81000F27ED /* Build configuration list for PBXProject "KindleX" */;
			compatibilityVersion = "Xcode 13.0";
			developmentRegion = en;
			hasScannedForEncodings = 0;
			knownRegions = (
				en,
				Base,
			);
			mainGroup = 3DCA657A27BB8D81000F27ED;
			productRefGroup = 3DCA658427BB8D81000F27ED /* Products */;
			projectDirPath = "";
			projectRoot = "";
			targets = (
				3DCA658227BB8D81000F27ED /* KindleX */,
			);
		};
/* End PBXProject section */

/* Begin PBXResourcesBuildPhase section */
		3DCA658127BB8D81000F27ED /* Resources */ = {
			isa = PBXResourcesBuildPhase;
			buildActionMask = 2147483647;
			files = (
				3DCA659327BB8D83000F27ED /* LaunchScreen.storyboard in Resources */,
				3DCA659027BB8D83000F27ED /* Assets.xcassets in Resources */,
			);
			runOnlyForDeploymentPostprocessing = 0;
		};
/* End PBXResourcesBuildPhase section */

/* Begin PBXSourcesBuildPhase section */
		3DCA657F27BB8D81000F27ED /* Sources */ = {
			isa = PBXSourcesBuildPhase;
			buildActionMask = 2147483647;
			files = (
				3DCA659F27BBC3EE000F27ED /* BookPageViewController.swift in Sources */,
				3DCA658B27BB8D81000F27ED /* ViewController.swift in Sources */,
				3DCA658727BB8D81000F27ED /* AppDelegate.swift in Sources */,
				3DCA658927BB8D81000F27ED /* SceneDelegate.swift in Sources */,
				3DCA659B27BB9331000F27ED /* Models.swift in Sources */,
				3DCA659D27BB9F77000F27ED /* BookCell.swift in Sources */,
				3DB64F3D27BBE63A008FA74E /* PageCell.swift in Sources */,
			);
			runOnlyForDeploymentPostprocessing = 0;
		};
/* End PBXSourcesBuildPhase section */

/* Begin PBXVariantGroup section */
		3DCA659127BB8D83000F27ED /* LaunchScreen.storyboard */ = {
			isa = PBXVariantGroup;
			children = (
				3DCA659227BB8D83000F27ED /* Base */,
			);
			name = LaunchScreen.storyboard;
			sourceTree = "<group>";
		};
/* End PBXVariantGroup section */

/* Begin XCBuildConfiguration section */
		3DCA659527BB8D83000F27ED /* Debug */ = {
			isa = XCBuildConfiguration;
			buildSettings = {
				ALWAYS_SEARCH_USER_PATHS = NO;
				CLANG_ANALYZER_NONNULL = YES;
				CLANG_ANALYZER_NUMBER_OBJECT_CONVERSION = YES_AGGRESSIVE;
				CLANG_CXX_LANGUAGE_STANDARD = "gnu++17";
				CLANG_CXX_LIBRARY = "libc++";
				CLANG_ENABLE_MODULES = YES;
				CLANG_ENABLE_OBJC_ARC = YES;
				CLANG_ENABLE_OBJC_WEAK = YES;
				CLANG_WARN_BLOCK_CAPTURE_AUTORELEASING = YES;
				CLANG_WARN_BOOL_CONVERSION = YES;
				CLANG_WARN_COMMA = YES;
				CLANG_WARN_CONSTANT_CONVERSION = YES;
				CLANG_WARN_DEPRECATED_OBJC_IMPLEMENTATIONS = YES;
				CLANG_WARN_DIRECT_OBJC_ISA_USAGE = YES_ERROR;
				CLANG_WARN_DOCUMENTATION_COMMENTS = YES;
				CLANG_WARN_EMPTY_BODY = YES;
				CLANG_WARN_ENUM_CONVERSION = YES;
				CLANG_WARN_INFINITE_RECURSION = YES;
				CLANG_WARN_INT_CONVERSION = YES;
				CLANG_WARN_NON_LITERAL_NULL_CONVERSION = YES;
				CLANG_WARN_OBJC_IMPLICIT_RETAIN_SELF = YES;
				CLANG_WARN_OBJC_LITERAL_CONVERSION = YES;
				CLANG_WARN_OBJC_ROOT_CLASS = YES_ERROR;
				CLANG_WARN_QUOTED_INCLUDE_IN_FRAMEWORK_HEADER = YES;
				CLANG_WARN_RANGE_LOOP_ANALYSIS = YES;
				CLANG_WARN_STRICT_PROTOTYPES = YES;
				CLANG_WARN_SUSPICIOUS_MOVE = YES;
				CLANG_WARN_UNGUARDED_AVAILABILITY = YES_AGGRESSIVE;
				CLANG_WARN_UNREACHABLE_CODE = YES;
				CLANG_WARN__DUPLICATE_METHOD_MATCH = YES;
				COPY_PHASE_STRIP = NO;
				DEBUG_INFORMATION_FORMAT = dwarf;
				ENABLE_STRICT_OBJC_MSGSEND = YES;
				ENABLE_TESTABILITY = YES;
				GCC_C_LANGUAGE_STANDARD = gnu11;
				GCC_DYNAMIC_NO_PIC = NO;
				GCC_NO_COMMON_BLOCKS = YES;
				GCC_OPTIMIZATION_LEVEL = 0;
				GCC_PREPROCESSOR_DEFINITIONS = (
					"DEBUG=1",
					"$(inherited)",
				);
				GCC_WARN_64_TO_32_BIT_CONVERSION = YES;
				GCC_WARN_ABOUT_RETURN_TYPE = YES_ERROR;
				GCC_WARN_UNDECLARED_SELECTOR = YES;
				GCC_WARN_UNINITIALIZED_AUTOS = YES_AGGRESSIVE;
				GCC_WARN_UNUSED_FUNCTION = YES;
				GCC_WARN_UNUSED_VARIABLE = YES;
				IPHONEOS_DEPLOYMENT_TARGET = 15.2;
				MTL_ENABLE_DEBUG_INFO = INCLUDE_SOURCE;
				MTL_FAST_MATH = YES;
				ONLY_ACTIVE_ARCH = YES;
				SDKROOT = iphoneos;
				SWIFT_ACTIVE_COMPILATION_CONDITIONS = DEBUG;
				SWIFT_OPTIMIZATION_LEVEL = "-Onone";
			};
			name = Debug;
		};
		3DCA659627BB8D83000F27ED /* Release */ = {
			isa = XCBuildConfiguration;
			buildSettings = {
				ALWAYS_SEARCH_USER_PATHS = NO;
				CLANG_ANALYZER_NONNULL = YES;
				CLANG_ANALYZER_NUMBER_OBJECT_CONVERSION = YES_AGGRESSIVE;
				CLANG_CXX_LANGUAGE_STANDARD = "gnu++17";
				CLANG_CXX_LIBRARY = "libc++";
				CLANG_ENABLE_MODULES = YES;
				CLANG_ENABLE_OBJC_ARC = YES;
				CLANG_ENABLE_OBJC_WEAK = YES;
				CLANG_WARN_BLOCK_CAPTURE_AUTORELEASING = YES;
				CLANG_WARN_BOOL_CONVERSION = YES;
				CLANG_WARN_COMMA = YES;
				CLANG_WARN_CONSTANT_CONVERSION = YES;
				CLANG_WARN_DEPRECATED_OBJC_IMPLEMENTATIONS = YES;
				CLANG_WARN_DIRECT_OBJC_ISA_USAGE = YES_ERROR;
				CLANG_WARN_DOCUMENTATION_COMMENTS = YES;
				CLANG_WARN_EMPTY_BODY = YES;
				CLANG_WARN_ENUM_CONVERSION = YES;
				CLANG_WARN_INFINITE_RECURSION = YES;
				CLANG_WARN_INT_CONVERSION = YES;
				CLANG_WARN_NON_LITERAL_NULL_CONVERSION = YES;
				CLANG_WARN_OBJC_IMPLICIT_RETAIN_SELF = YES;
				CLANG_WARN_OBJC_LITERAL_CONVERSION = YES;
				CLANG_WARN_OBJC_ROOT_CLASS = YES_ERROR;
				CLANG_WARN_QUOTED_INCLUDE_IN_FRAMEWORK_HEADER = YES;
				CLANG_WARN_RANGE_LOOP_ANALYSIS = YES;
				CLANG_WARN_STRICT_PROTOTYPES = YES;
				CLANG_WARN_SUSPICIOUS_MOVE = YES;
				CLANG_WARN_UNGUARDED_AVAILABILITY = YES_AGGRESSIVE;
				CLANG_WARN_UNREACHABLE_CODE = YES;
				CLANG_WARN__DUPLICATE_METHOD_MATCH = YES;
				COPY_PHASE_STRIP = NO;
				DEBUG_INFORMATION_FORMAT = "dwarf-with-dsym";
				ENABLE_NS_ASSERTIONS = NO;
				ENABLE_STRICT_OBJC_MSGSEND = YES;
				GCC_C_LANGUAGE_STANDARD = gnu11;
				GCC_NO_COMMON_BLOCKS = YES;
				GCC_WARN_64_TO_32_BIT_CONVERSION = YES;
				GCC_WARN_ABOUT_RETURN_TYPE = YES_ERROR;
				GCC_WARN_UNDECLARED_SELECTOR = YES;
				GCC_WARN_UNINITIALIZED_AUTOS = YES_AGGRESSIVE;
				GCC_WARN_UNUSED_FUNCTION = YES;
				GCC_WARN_UNUSED_VARIABLE = YES;
				IPHONEOS_DEPLOYMENT_TARGET = 15.2;
				MTL_ENABLE_DEBUG_INFO = NO;
				MTL_FAST_MATH = YES;
				SDKROOT = iphoneos;
				SWIFT_COMPILATION_MODE = wholemodule;
				SWIFT_OPTIMIZATION_LEVEL = "-O";
				VALIDATE_PRODUCT = YES;
			};
			name = Release;
		};
		3DCA659827BB8D83000F27ED /* Debug */ = {
			isa = XCBuildConfiguration;
			buildSettings = {
				ASSETCATALOG_COMPILER_APPICON_NAME = AppIcon;
				ASSETCATALOG_COMPILER_GLOBAL_ACCENT_COLOR_NAME = AccentColor;
				CODE_SIGN_STYLE = Automatic;
				CURRENT_PROJECT_VERSION = 1;
				DEVELOPMENT_TEAM = 5B99N4Z88C;
				GENERATE_INFOPLIST_FILE = YES;
				INFOPLIST_FILE = KindleX/Info.plist;
				INFOPLIST_KEY_UIApplicationSupportsIndirectInputEvents = YES;
				INFOPLIST_KEY_UILaunchStoryboardName = LaunchScreen;
				INFOPLIST_KEY_UISupportedInterfaceOrientations_iPad = "UIInterfaceOrientationPortrait UIInterfaceOrientationPortraitUpsideDown UIInterfaceOrientationLandscapeLeft UIInterfaceOrientationLandscapeRight";
				INFOPLIST_KEY_UISupportedInterfaceOrientations_iPhone = "UIInterfaceOrientationPortrait UIInterfaceOrientationLandscapeLeft UIInterfaceOrientationLandscapeRight";
				LD_RUNPATH_SEARCH_PATHS = (
					"$(inherited)",
					"@executable_path/Frameworks",
				);
				MARKETING_VERSION = 1.0;
				PRODUCT_BUNDLE_IDENTIFIER = FVG.KindleX;
				PRODUCT_NAME = "$(TARGET_NAME)";
				SWIFT_EMIT_LOC_STRINGS = YES;
				SWIFT_VERSION = 5.0;
				TARGETED_DEVICE_FAMILY = "1,2";
			};
			name = Debug;
		};
		3DCA659927BB8D83000F27ED /* Release */ = {
			isa = XCBuildConfiguration;
			buildSettings = {
				ASSETCATALOG_COMPILER_APPICON_NAME = AppIcon;
				ASSETCATALOG_COMPILER_GLOBAL_ACCENT_COLOR_NAME = AccentColor;
				CODE_SIGN_STYLE = Automatic;
				CURRENT_PROJECT_VERSION = 1;
				DEVELOPMENT_TEAM = 5B99N4Z88C;
				GENERATE_INFOPLIST_FILE = YES;
				INFOPLIST_FILE = KindleX/Info.plist;
				INFOPLIST_KEY_UIApplicationSupportsIndirectInputEvents = YES;
				INFOPLIST_KEY_UILaunchStoryboardName = LaunchScreen;
				INFOPLIST_KEY_UISupportedInterfaceOrientations_iPad = "UIInterfaceOrientationPortrait UIInterfaceOrientationPortraitUpsideDown UIInterfaceOrientationLandscapeLeft UIInterfaceOrientationLandscapeRight";
				INFOPLIST_KEY_UISupportedInterfaceOrientations_iPhone = "UIInterfaceOrientationPortrait UIInterfaceOrientationLandscapeLeft UIInterfaceOrientationLandscapeRight";
				LD_RUNPATH_SEARCH_PATHS = (
					"$(inherited)",
					"@executable_path/Frameworks",
				);
				MARKETING_VERSION = 1.0;
				PRODUCT_BUNDLE_IDENTIFIER = FVG.KindleX;
				PRODUCT_NAME = "$(TARGET_NAME)";
				SWIFT_EMIT_LOC_STRINGS = YES;
				SWIFT_VERSION = 5.0;
				TARGETED_DEVICE_FAMILY = "1,2";
			};
			name = Release;
		};
/* End XCBuildConfiguration section */

/* Begin XCConfigurationList section */
		3DCA657E27BB8D81000F27ED /* Build configuration list for PBXProject "KindleX" */ = {
			isa = XCConfigurationList;
			buildConfigurations = (
				3DCA659527BB8D83000F27ED /* Debug */,
				3DCA659627BB8D83000F27ED /* Release */,
			);
			defaultConfigurationIsVisible = 0;
			defaultConfigurationName = Release;
		};
		3DCA659727BB8D83000F27ED /* Build configuration list for PBXNativeTarget "KindleX" */ = {
			isa = XCConfigurationList;
			buildConfigurations = (
				3DCA659827BB8D83000F27ED /* Debug */,
				3DCA659927BB8D83000F27ED /* Release */,
			);
			defaultConfigurationIsVisible = 0;
			defaultConfigurationName = Release;
		};
/* End XCConfigurationList section */
	};
	rootObject = 3DCA657B27BB8D81000F27ED /* Project object */;
}
